lockfileVersion: '9.0'

settings:
  autoInstallPeers: true
  excludeLinksFromLockfile: false

importers:

  .:
    dependencies:
      pg-promise:
        specifier: ^12.2.0
        version: 12.2.0(pg-query-stream@4.10.3(pg@8.16.3))
      sqlstring:
        specifier: ^2.3.3
        version: 2.3.3
    devDependencies:
      prettier:
        specifier: ^3.6.2
        version: 3.6.2

packages:

  assert-options@0.8.3:
    resolution: {integrity: sha512-s6v4HnA+vYSGO4eZX+F+I3gvF74wPk+m6Z1Q3w1Dsg4Pnv/R24vhKAasoMVZGvDpOOfTg1Qz4ptZnEbuy95XsQ==}
    engines: {node: '>=14.0.0'}

  pg-cloudflare@1.2.7:
    resolution: {integrity: sha512-YgCtzMH0ptvZJslLM1ffsY4EuGaU0cx4XSdXLRFae8bPP4dS5xL1tNB3k2o/N64cHJpwU7dxKli/nZ2lUa5fLg==}

  pg-connection-string@2.9.1:
    resolution: {integrity: sha512-nkc6NpDcvPVpZXxrreI/FOtX3XemeLl8E0qFr6F2Lrm/I8WOnaWNhIPK2Z7OHpw7gh5XJThi6j6ppgNoaT1w4w==}

  pg-cursor@2.15.3:
    resolution: {integrity: sha512-eHw63TsiGtFEfAd7tOTZ+TLy+i/2ePKS20H84qCQ+aQ60pve05Okon9tKMC+YN3j6XyeFoHnaim7Lt9WVafQsA==}
    peerDependencies:
      pg: ^8

  pg-int8@1.0.1:
    resolution: {integrity: sha512-WCtabS6t3c8SkpDBUlb1kjOs7l66xsGdKpIPZsg4wR+B3+u9UAum2odSsF9tnvxg80h4ZxLWMy4pRjOsFIqQpw==}
    engines: {node: '>=4.0.0'}

  pg-minify@1.8.0:
    resolution: {integrity: sha512-jO/oJOununpx8DzKgvSsWm61P8JjwXlaxSlbbfTBo1nvSWoo/+I6qZYaSN96jm/KDwa5d+JMQwPGgcP6HXDRow==}
    engines: {node: '>=16.0.0'}

  pg-pool@3.10.1:
    resolution: {integrity: sha512-Tu8jMlcX+9d8+QVzKIvM/uJtp07PKr82IUOYEphaWcoBhIYkoHpLXN3qO59nAI11ripznDsEzEv8nUxBVWajGg==}
    peerDependencies:
      pg: '>=8.0'

  pg-promise@12.2.0:
    resolution: {integrity: sha512-th+GB7ftaRv5gAjSVslURSaYr5gf8d+T9/h5dZTJ/uyMqnQV8lJ8cDo3p5Crv3rprLC8ZCav9yLFcMKnobib+g==}
    engines: {node: '>=16.0'}
    peerDependencies:
      pg-query-stream: 4.10.3

  pg-protocol@1.10.3:
    resolution: {integrity: sha512-6DIBgBQaTKDJyxnXaLiLR8wBpQQcGWuAESkRBX/t6OwA8YsqP+iVSiond2EDy6Y/dsGk8rh/jtax3js5NeV7JQ==}

  pg-query-stream@4.10.3:
    resolution: {integrity: sha512-h2utrzpOIzeT9JfaqfvBbVuvCfBjH86jNfVrGGTbyepKAIOyTfDew0lAt8bbJjs9n/I5bGDl7S2sx6h5hPyJxw==}
    peerDependencies:
      pg: ^8

  pg-types@2.2.0:
    resolution: {integrity: sha512-qTAAlrEsl8s4OiEQY69wDvcMIdQN6wdz5ojQiOy6YRMuynxenON0O5oCpJI6lshc6scgAY8qvJ2On/p+CXY0GA==}
    engines: {node: '>=4'}

  pg@8.16.3:
    resolution: {integrity: sha512-enxc1h0jA/aq5oSDMvqyW3q89ra6XIIDZgCX9vkMrnz5DFTw/Ny3Li2lFQ+pt3L6MCgm/5o2o8HW9hiJji+xvw==}
    engines: {node: '>= 16.0.0'}
    peerDependencies:
      pg-native: '>=3.0.1'
    peerDependenciesMeta:
      pg-native:
        optional: true

  pgpass@1.0.5:
    resolution: {integrity: sha512-FdW9r/jQZhSeohs1Z3sI1yxFQNFvMcnmfuj4WBMUTxOrAyLMaTcE1aAMBiTlbMNaXvBCQuVi0R7hd8udDSP7ug==}

  postgres-array@2.0.0:
    resolution: {integrity: sha512-VpZrUqU5A69eQyW2c5CA1jtLecCsN2U/bD6VilrFDWq5+5UIEVO7nazS3TEcHf1zuPYO/sqGvUvW62g86RXZuA==}
    engines: {node: '>=4'}

  postgres-bytea@1.0.0:
    resolution: {integrity: sha512-xy3pmLuQqRBZBXDULy7KbaitYqLcmxigw14Q5sj8QBVLqEwXfeybIKVWiqAXTlcvdvb0+xkOtDbfQMOf4lST1w==}
    engines: {node: '>=0.10.0'}

  postgres-date@1.0.7:
    resolution: {integrity: sha512-suDmjLVQg78nMK2UZ454hAG+OAW+HQPZ6n++TNDUX+L0+uUlLywnoxJKDou51Zm+zTCjrCl0Nq6J9C5hP9vK/Q==}
    engines: {node: '>=0.10.0'}

  postgres-interval@1.2.0:
    resolution: {integrity: sha512-9ZhXKM/rw350N1ovuWHbGxnGh/SNJ4cnxHiM0rxE4VN41wsg8P8zWn9hv/buK00RP4WvlOyr/RBDiptyxVbkZQ==}
    engines: {node: '>=0.10.0'}

  prettier@3.6.2:
    resolution: {integrity: sha512-I7AIg5boAr5R0FFtJ6rCfD+LFsWHp81dolrFD8S79U9tb8Az2nGrJncnMSnys+bpQJfRUzqs9hnA81OAA3hCuQ==}
    engines: {node: '>=14'}
    hasBin: true

  spex@4.0.2:
    resolution: {integrity: sha512-/8VnouFOkRlkfj/sDN6GYnRKCutBHjUndkg6oAgv374VvjYQRzzR2gTEXRsmFmgd1SrbI8W948iTDnkEkUieCw==}
    engines: {node: '>=16.0.0'}

  split2@4.2.0:
    resolution: {integrity: sha512-UcjcJOWknrNkF6PLX83qcHM6KHgVKNkV62Y8a5uYDVv9ydGQVwAHMKqHdJje1VTWpljG0WYpCDhrCdAOYH4TWg==}
    engines: {node: '>= 10.x'}

  sqlstring@2.3.3:
    resolution: {integrity: sha512-qC9iz2FlN7DQl3+wjwn3802RTyjCx7sDvfQEXchwa6CWOx07/WVfh91gBmQ9fahw8snwGEWU3xGzOt4tFyHLxg==}
    engines: {node: '>= 0.6'}

  xtend@4.0.2:
    resolution: {integrity: sha512-LKYU1iAXJXUgAXn9URjiu+MWhyUXHsvfp7mcuYm9dSUKK0/CjtrUwFAxD82/mCWbtLsGjFIad0wIsod4zrTAEQ==}
    engines: {node: '>=0.4'}

snapshots:

  assert-options@0.8.3: {}

  pg-cloudflare@1.2.7:
    optional: true

  pg-connection-string@2.9.1: {}

  pg-cursor@2.15.3(pg@8.16.3):
    dependencies:
      pg: 8.16.3

  pg-int8@1.0.1: {}

  pg-minify@1.8.0: {}

  pg-pool@3.10.1(pg@8.16.3):
    dependencies:
      pg: 8.16.3

  pg-promise@12.2.0(pg-query-stream@4.10.3(pg@8.16.3)):
    dependencies:
      assert-options: 0.8.3
      pg: 8.16.3
      pg-minify: 1.8.0
      pg-query-stream: 4.10.3(pg@8.16.3)
      spex: 4.0.2
    transitivePeerDependencies:
      - pg-native

  pg-protocol@1.10.3: {}

  pg-query-stream@4.10.3(pg@8.16.3):
    dependencies:
      pg: 8.16.3
      pg-cursor: 2.15.3(pg@8.16.3)

  pg-types@2.2.0:
    dependencies:
      pg-int8: 1.0.1
      postgres-array: 2.0.0
      postgres-bytea: 1.0.0
      postgres-date: 1.0.7
      postgres-interval: 1.2.0

  pg@8.16.3:
    dependencies:
      pg-connection-string: 2.9.1
      pg-pool: 3.10.1(pg@8.16.3)
      pg-protocol: 1.10.3
      pg-types: 2.2.0
      pgpass: 1.0.5
    optionalDependencies:
      pg-cloudflare: 1.2.7

  pgpass@1.0.5:
    dependencies:
      split2: 4.2.0

  postgres-array@2.0.0: {}

  postgres-bytea@1.0.0: {}

  postgres-date@1.0.7: {}

  postgres-interval@1.2.0:
    dependencies:
      xtend: 4.0.2

  prettier@3.6.2: {}

  spex@4.0.2: {}

  split2@4.2.0: {}

  sqlstring@2.3.3: {}

  xtend@4.0.2: {}
